
Microsoft Visual Studio Solution File, Format Version 12.00
# Visual Studio 2013
VisualStudioVersion = 12.0.21005.1
MinimumVisualStudioVersion = 10.0.40219.1
Project("{FAE04EC0-301F-11D3-BF4B-00C04F79EFBC}") = "TrainSystem", "TrainSystem\TrainSystem.csproj", "{100CB01B-8F25-4E64-A1D0-98A6F0B61C4E}"
EndProject
Project("{E24C65DC-7377-472B-9ABA-BC803B73C61A}") = "TrainDemo", "http://localhost:50990", "{4157AF5A-BFA2-4783-A2F4-FB069F62BE6B}"
	ProjectSection(WebsiteProperties) = preProject
		UseIISExpress = "true"
		TargetFrameworkMoniker = ".NETFramework,Version%3Dv2.0"
		Debug.AspNetCompiler.VirtualPath = "/localhost_50990"
		Debug.AspNetCompiler.PhysicalPath = "TrainDemo\"
		Debug.AspNetCompiler.TargetPath = "PrecompiledWeb\localhost_50990\"
		Debug.AspNetCompiler.Updateable = "true"
		Debug.AspNetCompiler.ForceOverwrite = "true"
		Debug.AspNetCompiler.FixedNames = "false"
		Debug.AspNetCompiler.Debug = "True"
		Release.AspNetCompiler.VirtualPath = "/localhost_50990"
		Release.AspNetCompiler.PhysicalPath = "TrainDemo\"
		Release.AspNetCompiler.TargetPath = "PrecompiledWeb\localhost_50990\"
		Release.AspNetCompiler.Updateable = "true"
		Release.AspNetCompiler.ForceOverwrite = "true"
		Release.AspNetCompiler.FixedNames = "false"
		Release.AspNetCompiler.Debug = "False"
		SlnRelativePath = "TrainDemo\"
	EndProjectSection
EndProject
Global
	GlobalSection(SolutionConfigurationPlatforms) = preSolution
		Debug|Any CPU = Debug|Any CPU
		Release|Any CPU = Release|Any CPU
	EndGlobalSection
	GlobalSection(ProjectConfigurationPlatforms) = postSolution
		{100CB01B-8F25-4E64-A1D0-98A6F0B61C4E}.Debug|Any CPU.ActiveCfg = Debug|Any CPU
		{100CB01B-8F25-4E64-A1D0-98A6F0B61C4E}.Debug|Any CPU.Build.0 = Debug|Any CPU
		{100CB01B-8F25-4E64-A1D0-98A6F0B61C4E}.Release|Any CPU.ActiveCfg = Release|Any CPU
		{100CB01B-8F25-4E64-A1D0-98A6F0B61C4E}.Release|Any CPU.Build.0 = Release|Any CPU
		{4157AF5A-BFA2-4783-A2F4-FB069F62BE6B}.Debug|Any CPU.ActiveCfg = Debug|Any CPU
		{4157AF5A-BFA2-4783-A2F4-FB069F62BE6B}.Debug|Any CPU.Build.0 = Debug|Any CPU
		{4157AF5A-BFA2-4783-A2F4-FB069F62BE6B}.Release|Any CPU.ActiveCfg = Debug|Any CPU
		{4157AF5A-BFA2-4783-A2F4-FB069F62BE6B}.Release|Any CPU.Build.0 = Debug|Any CPU
	EndGlobalSection
	GlobalSection(SolutionProperties) = preSolution
		HideSolutionNode = FALSE
	EndGlobalSection
EndGlobal
